
Microsoft Visual Studio Solution File, Format Version 12.00
# Visual Studio 15
VisualStudioVersion = 15.0.28010.2003
MinimumVisualStudioVersion = 10.0.40219.1
Project("{FAE04EC0-301F-11D3-BF4B-00C04F79EFBC}") = "exercise3", "exercise3\exercise3.csproj", "{6117A338-1FB3-44A4-B8D1-28789B81760F}"
EndProject
Global
	GlobalSection(SolutionConfigurationPlatforms) = preSolution
		Debug|Any CPU = Debug|Any CPU
		Release|Any CPU = Release|Any CPU
	EndGlobalSection
	GlobalSection(ProjectConfigurationPlatforms) = postSolution
		{6117A338-1FB3-44A4-B8D1-28789B81760F}.Debug|Any CPU.ActiveCfg = Debug|Any CPU
		{6117A338-1FB3-44A4-B8D1-28789B81760F}.Debug|Any CPU.Build.0 = Debug|Any CPU
		{6117A338-1FB3-44A4-B8D1-28789B81760F}.Release|Any CPU.ActiveCfg = Release|Any CPU
		{6117A338-1FB3-44A4-B8D1-28789B81760F}.Release|Any CPU.Build.0 = Release|Any CPU
	EndGlobalSection
	GlobalSection(SolutionProperties) = preSolution
		HideSolutionNode = FALSE
	EndGlobalSection
	GlobalSection(ExtensibilityGlobals) = postSolution
		SolutionGuid = {3F74D2EB-3BE6-41EA-B12F-B2F5B8DE2322}
	EndGlobalSection
EndGlobal
