
Microsoft Visual Studio Solution File, Format Version 12.00
# Visual Studio 15
VisualStudioVersion = 15.0.28010.2003
MinimumVisualStudioVersion = 10.0.40219.1
Project("{FAE04EC0-301F-11D3-BF4B-00C04F79EFBC}") = "exercise4", "exercise4\exercise4.csproj", "{E7B9D92A-17B1-4F63-9A5A-0FA369440293}"
EndProject
Global
	GlobalSection(SolutionConfigurationPlatforms) = preSolution
		Debug|Any CPU = Debug|Any CPU
		Release|Any CPU = Release|Any CPU
	EndGlobalSection
	GlobalSection(ProjectConfigurationPlatforms) = postSolution
		{E7B9D92A-17B1-4F63-9A5A-0FA369440293}.Debug|Any CPU.ActiveCfg = Debug|Any CPU
		{E7B9D92A-17B1-4F63-9A5A-0FA369440293}.Debug|Any CPU.Build.0 = Debug|Any CPU
		{E7B9D92A-17B1-4F63-9A5A-0FA369440293}.Release|Any CPU.ActiveCfg = Release|Any CPU
		{E7B9D92A-17B1-4F63-9A5A-0FA369440293}.Release|Any CPU.Build.0 = Release|Any CPU
	EndGlobalSection
	GlobalSection(SolutionProperties) = preSolution
		HideSolutionNode = FALSE
	EndGlobalSection
	GlobalSection(ExtensibilityGlobals) = postSolution
		SolutionGuid = {70C426AA-8741-4FDB-8052-0AFAB355D2A2}
	EndGlobalSection
EndGlobal
